{
    "name": "rust-dojo",
    "version": "1.0.0",
    "lockfileVersion": 3,
    "requires": true,
    "packages": {
        "": {
            "name": "rust-dojo",
            "version": "1.0.0",
            "license": "ISC",
            "dependencies": {
                "@deepgram/sdk": "^3.5.1",
                "axios": "0.24.0",
                "deepgram": "^1.0.3",
                "formik": "^2.2.9",
                "node-fetch": "^3.3.2",
                "nodejs-polars": "^0.14.0",
                "swr": "^1.1.2"
            }
        },
        "node_modules/@deepgram/captions": {
            "version": "1.2.0",
            "resolved": "https://registry.npmjs.org/@deepgram/captions/-/captions-1.2.0.tgz",
            "integrity": "sha512-8B1C/oTxTxyHlSFubAhNRgCbQ2SQ5wwvtlByn8sDYZvdDtdn/VE2yEPZ4BvUnrKWmsbTQY6/ooLV+9Ka2qmDSQ==",
            "license": "MIT",
            "dependencies": {
                "dayjs": "^1.11.10"
            },
            "engines": {
                "node": ">=18.0.0"
            }
        },
        "node_modules/@deepgram/sdk": {
            "version": "3.5.1",
            "resolved": "https://registry.npmjs.org/@deepgram/sdk/-/sdk-3.5.1.tgz",
            "integrity": "sha512-lcCyvJ1AE5+TkWAyV0iLAFjOCWpjxDf3sAijTQuqVPlbvJuzP6kttqH3kB3/uElu7DOpvQVKw5VE7J6/dn8S+A==",
            "license": "MIT",
            "dependencies": {
                "@deepgram/captions": "^1.1.1",
                "cross-fetch": "^3.1.5",
                "deepmerge": "^4.3.1",
                "events": "^3.3.0",
                "ws": "^8.17.0"
            },
            "engines": {
                "node": ">=18.0.0"
            }
        },
        "node_modules/@deepgram/sdk/node_modules/deepmerge": {
            "version": "4.3.1",
            "resolved": "https://registry.npmjs.org/deepmerge/-/deepmerge-4.3.1.tgz",
            "integrity": "sha512-3sUqbMEc77XqpdNO7FRyRog+eW3ph+GYCbj+rK+uYyRMuwsVy0rMiVtPn+QJlKFvWP/1PYpapqYn0Me2knFn+A==",
            "license": "MIT",
            "engines": {
                "node": ">=0.10.0"
            }
        },
        "node_modules/@types/hoist-non-react-statics": {
            "version": "3.3.5",
            "resolved": "https://registry.npmjs.org/@types/hoist-non-react-statics/-/hoist-non-react-statics-3.3.5.tgz",
            "integrity": "sha512-SbcrWzkKBw2cdwRTwQAswfpB9g9LJWfjtUeW/jvNwbhC8cpmmNYVePa+ncbUe0rGTQ7G3Ff6mYUN2VMfLVr+Sg==",
            "license": "MIT",
            "dependencies": {
                "@types/react": "*",
                "hoist-non-react-statics": "^3.3.0"
            }
        },
        "node_modules/@types/prop-types": {
            "version": "15.7.12",
            "resolved": "https://registry.npmjs.org/@types/prop-types/-/prop-types-15.7.12.tgz",
            "integrity": "sha512-5zvhXYtRNRluoE/jAp4GVsSduVUzNWKkOZrCDBWYtE7biZywwdC2AcEzg+cSMLFRfVgeAFqpfNabiPjxFddV1Q==",
            "license": "MIT"
        },
        "node_modules/@types/react": {
            "version": "18.3.4",
            "resolved": "https://registry.npmjs.org/@types/react/-/react-18.3.4.tgz",
            "integrity": "sha512-J7W30FTdfCxDDjmfRM+/JqLHBIyl7xUIp9kwK637FGmY7+mkSFSe6L4jpZzhj5QMfLssSDP4/i75AKkrdC7/Jw==",
            "license": "MIT",
            "dependencies": {
                "@types/prop-types": "*",
                "csstype": "^3.0.2"
            }
        },
        "node_modules/axios": {
            "version": "0.24.0",
            "resolved": "https://registry.npmjs.org/axios/-/axios-0.24.0.tgz",
            "integrity": "sha512-Q6cWsys88HoPgAaFAVUb0WpPk0O8iTeisR9IMqy9G8AbO4NlpVknrnQS03zzF9PGAWgO3cgletO3VjV/P7VztA==",
            "license": "MIT",
            "dependencies": {
                "follow-redirects": "^1.14.4"
            }
        },
        "node_modules/base64-js": {
            "version": "1.5.1",
            "resolved": "https://registry.npmjs.org/base64-js/-/base64-js-1.5.1.tgz",
            "integrity": "sha512-AKpaYlHn8t4SVbOHCy+b5+KKgvR4vrsD8vbvrbiQJps7fKDTkjkDry6ji0rUJjC0kzbNePLwzxq8iypo41qeWA==",
            "funding": [
                {
                    "type": "github",
                    "url": "https://github.com/sponsors/feross"
                },
                {
                    "type": "patreon",
                    "url": "https://www.patreon.com/feross"
                },
                {
                    "type": "consulting",
                    "url": "https://feross.org/support"
                }
            ],
            "license": "MIT"
        },
        "node_modules/buffer": {
            "version": "4.9.2",
            "resolved": "https://registry.npmjs.org/buffer/-/buffer-4.9.2.tgz",
            "integrity": "sha512-xq+q3SRMOxGivLhBNaUdC64hDTQwejJ+H0T/NB1XMtTVEwNTrfFF3gAxiyW0Bu/xWEGhjVKgUcMhCrUy2+uCWg==",
            "license": "MIT",
            "dependencies": {
                "base64-js": "^1.0.2",
                "ieee754": "^1.1.4",
                "isarray": "^1.0.0"
            }
        },
        "node_modules/cross-fetch": {
            "version": "3.1.8",
            "resolved": "https://registry.npmjs.org/cross-fetch/-/cross-fetch-3.1.8.tgz",
            "integrity": "sha512-cvA+JwZoU0Xq+h6WkMvAUqPEYy92Obet6UdKLfW60qn99ftItKjB5T+BkyWOFWe2pUyfQ+IJHmpOTznqk1M6Kg==",
            "license": "MIT",
            "dependencies": {
                "node-fetch": "^2.6.12"
            }
        },
        "node_modules/cross-fetch/node_modules/node-fetch": {
            "version": "2.7.0",
            "resolved": "https://registry.npmjs.org/node-fetch/-/node-fetch-2.7.0.tgz",
            "integrity": "sha512-c4FRfUm/dbcWZ7U+1Wq0AwCyFL+3nt2bEw05wfxSz+DWpWsitgmSgYmy2dQdWyKC1694ELPqMs/YzUSNozLt8A==",
            "license": "MIT",
            "dependencies": {
                "whatwg-url": "^5.0.0"
            },
            "engines": {
                "node": "4.x || >=6.0.0"
            },
            "peerDependencies": {
                "encoding": "^0.1.0"
            },
            "peerDependenciesMeta": {
                "encoding": {
                    "optional": true
                }
            }
        },
        "node_modules/csstype": {
            "version": "3.1.3",
            "resolved": "https://registry.npmjs.org/csstype/-/csstype-3.1.3.tgz",
            "integrity": "sha512-M1uQkMl8rQK/szD0LNhtqxIPLpimGm8sOBwU7lLnCpSbTyY3yeU1Vc7l4KT5zT4s/yOxHH5O7tIuuLOCnLADRw==",
            "license": "MIT"
        },
        "node_modules/data-uri-to-buffer": {
            "version": "4.0.1",
            "resolved": "https://registry.npmjs.org/data-uri-to-buffer/-/data-uri-to-buffer-4.0.1.tgz",
            "integrity": "sha512-0R9ikRb668HB7QDxT1vkpuUBtqc53YyAwMwGeUFKRojY/NWKvdZ+9UYtRfGmhqNbRkTSVpMbmyhXipFFv2cb/A==",
            "license": "MIT",
            "engines": {
                "node": ">= 12"
            }
        },
        "node_modules/dayjs": {
            "version": "1.11.13",
            "resolved": "https://registry.npmjs.org/dayjs/-/dayjs-1.11.13.tgz",
            "integrity": "sha512-oaMBel6gjolK862uaPQOVTA7q3TZhuSvuMQAAglQDOWYO9A91IrAOUJEyKVlqJlHE0vq5p5UXxzdPfMH/x6xNg==",
            "license": "MIT"
        },
        "node_modules/deepgram": {
            "version": "1.0.3",
            "resolved": "https://registry.npmjs.org/deepgram/-/deepgram-1.0.3.tgz",
            "integrity": "sha512-ebKO2o7MsA/EzW31U8ZfVVl5fXZq+yQA8QVwB/qYUY4OaHPZzZ+eE+cyCOGCZNsUunU7qvSFEUNozW44tt20Gg==",
            "license": "MIT",
            "dependencies": {
                "frisbee": "^0.2.0",
                "isomorphic-fetch": "^2.2.1"
            }
        },
        "node_modules/deepmerge": {
            "version": "2.2.1",
            "resolved": "https://registry.npmjs.org/deepmerge/-/deepmerge-2.2.1.tgz",
            "integrity": "sha512-R9hc1Xa/NOBi9WRVUWg19rl1UB7Tt4kuPd+thNJgFZoxXsTz7ncaPaeIm+40oSGuP33DfMb4sZt1QIGiJzC4EA==",
            "license": "MIT",
            "engines": {
                "node": ">=0.10.0"
            }
        },
        "node_modules/encoding": {
            "version": "0.1.13",
            "resolved": "https://registry.npmjs.org/encoding/-/encoding-0.1.13.tgz",
            "integrity": "sha512-ETBauow1T35Y/WZMkio9jiM0Z5xjHHmJ4XmjZOq1l/dXz3lr2sRn87nJy20RupqSh1F2m3HHPSp8ShIPQJrJ3A==",
            "license": "MIT",
            "dependencies": {
                "iconv-lite": "^0.6.2"
            }
        },
        "node_modules/events": {
            "version": "3.3.0",
            "resolved": "https://registry.npmjs.org/events/-/events-3.3.0.tgz",
            "integrity": "sha512-mQw+2fkQbALzQ7V0MY0IqdnXNOeTtP4r0lN9z7AAawCXgqea7bDii20AYrIBrFd/Hx0M2Ocz6S111CaFkUcb0Q==",
            "license": "MIT",
            "engines": {
                "node": ">=0.8.x"
            }
        },
        "node_modules/fetch-blob": {
            "version": "3.2.0",
            "resolved": "https://registry.npmjs.org/fetch-blob/-/fetch-blob-3.2.0.tgz",
            "integrity": "sha512-7yAQpD2UMJzLi1Dqv7qFYnPbaPx7ZfFK6PiIxQ4PfkGPyNyl2Ugx+a/umUonmKqjhM4DnfbMvdX6otXq83soQQ==",
            "funding": [
                {
                    "type": "github",
                    "url": "https://github.com/sponsors/jimmywarting"
                },
                {
                    "type": "paypal",
                    "url": "https://paypal.me/jimmywarting"
                }
            ],
            "license": "MIT",
            "dependencies": {
                "node-domexception": "^1.0.0",
                "web-streams-polyfill": "^3.0.3"
            },
            "engines": {
                "node": "^12.20 || >= 14.13"
            }
        },
        "node_modules/follow-redirects": {
            "version": "1.15.6",
            "resolved": "https://registry.npmjs.org/follow-redirects/-/follow-redirects-1.15.6.tgz",
            "integrity": "sha512-wWN62YITEaOpSK584EZXJafH1AGpO8RVgElfkuXbTOrPX4fIfOyEpW/CsiNd8JdYrAoOvafRTOEnvsO++qCqFA==",
            "funding": [
                {
                    "type": "individual",
                    "url": "https://github.com/sponsors/RubenVerborgh"
                }
            ],
            "license": "MIT",
            "engines": {
                "node": ">=4.0"
            },
            "peerDependenciesMeta": {
                "debug": {
                    "optional": true
                }
            }
        },
        "node_modules/formdata-polyfill": {
            "version": "4.0.10",
            "resolved": "https://registry.npmjs.org/formdata-polyfill/-/formdata-polyfill-4.0.10.tgz",
            "integrity": "sha512-buewHzMvYL29jdeQTVILecSaZKnt/RJWjoZCF5OW60Z67/GmSLBkOFM7qh1PI3zFNtJbaZL5eQu1vLfazOwj4g==",
            "license": "MIT",
            "dependencies": {
                "fetch-blob": "^3.1.2"
            },
            "engines": {
                "node": ">=12.20.0"
            }
        },
        "node_modules/formik": {
            "version": "2.4.6",
            "resolved": "https://registry.npmjs.org/formik/-/formik-2.4.6.tgz",
            "integrity": "sha512-A+2EI7U7aG296q2TLGvNapDNTZp1khVt5Vk0Q/fyfSROss0V/V6+txt2aJnwEos44IxTCW/LYAi/zgWzlevj+g==",
            "funding": [
                {
                    "type": "individual",
                    "url": "https://opencollective.com/formik"
                }
            ],
            "license": "Apache-2.0",
            "dependencies": {
                "@types/hoist-non-react-statics": "^3.3.1",
                "deepmerge": "^2.1.1",
                "hoist-non-react-statics": "^3.3.0",
                "lodash": "^4.17.21",
                "lodash-es": "^4.17.21",
                "react-fast-compare": "^2.0.1",
                "tiny-warning": "^1.0.2",
                "tslib": "^2.0.0"
            },
            "peerDependencies": {
                "react": ">=16.8.0"
            }
        },
        "node_modules/frisbee": {
            "version": "0.2.0",
            "resolved": "https://registry.npmjs.org/frisbee/-/frisbee-0.2.0.tgz",
            "integrity": "sha512-w/nIzbOwGvTYFk2wKMCZFrs5WpGK/MznI3O1fJGIDN+vtRNooFraDBfhyiOIqbgcxs59jOJd8y+Mp/FHg8absw==",
            "deprecated": "Please upgrade to frisbee@3.1.2+ as we have fixed a core bug with body merging (e.g. FormData and Unsupported BodyInit errors are now resolved).  Please note that as of v3.1.2 the body in requests is not merged with defaults set in Frisbee options; it either uses the request specific body OR the Frisbee default body option provided.",
            "license": "MIT",
            "dependencies": {
                "buffer": "^4.1.0"
            },
            "engines": {
                "node": "4.2.2"
            }
        },
        "node_modules/hoist-non-react-statics": {
            "version": "3.3.2",
            "resolved": "https://registry.npmjs.org/hoist-non-react-statics/-/hoist-non-react-statics-3.3.2.tgz",
            "integrity": "sha512-/gGivxi8JPKWNm/W0jSmzcMPpfpPLc3dY/6GxhX2hQ9iGj3aDfklV4ET7NjKpSinLpJ5vafa9iiGIEZg10SfBw==",
            "license": "BSD-3-Clause",
            "dependencies": {
                "react-is": "^16.7.0"
            }
        },
        "node_modules/iconv-lite": {
            "version": "0.6.3",
            "resolved": "https://registry.npmjs.org/iconv-lite/-/iconv-lite-0.6.3.tgz",
            "integrity": "sha512-4fCk79wshMdzMp2rH06qWrJE4iolqLhCUH+OiuIgU++RB0+94NlDL81atO7GX55uUKueo0txHNtvEyI6D7WdMw==",
            "license": "MIT",
            "dependencies": {
                "safer-buffer": ">= 2.1.2 < 3.0.0"
            },
            "engines": {
                "node": ">=0.10.0"
            }
        },
        "node_modules/ieee754": {
            "version": "1.2.1",
            "resolved": "https://registry.npmjs.org/ieee754/-/ieee754-1.2.1.tgz",
            "integrity": "sha512-dcyqhDvX1C46lXZcVqCpK+FtMRQVdIMN6/Df5js2zouUsqG7I6sFxitIC+7KYK29KdXOLHdu9zL4sFnoVQnqaA==",
            "funding": [
                {
                    "type": "github",
                    "url": "https://github.com/sponsors/feross"
                },
                {
                    "type": "patreon",
                    "url": "https://www.patreon.com/feross"
                },
                {
                    "type": "consulting",
                    "url": "https://feross.org/support"
                }
            ],
            "license": "BSD-3-Clause"
        },
        "node_modules/is-stream": {
            "version": "1.1.0",
            "resolved": "https://registry.npmjs.org/is-stream/-/is-stream-1.1.0.tgz",
            "integrity": "sha512-uQPm8kcs47jx38atAcWTVxyltQYoPT68y9aWYdV6yWXSyW8mzSat0TL6CiWdZeCdF3KrAvpVtnHbTv4RN+rqdQ==",
            "license": "MIT",
            "engines": {
                "node": ">=0.10.0"
            }
        },
        "node_modules/isarray": {
            "version": "1.0.0",
            "resolved": "https://registry.npmjs.org/isarray/-/isarray-1.0.0.tgz",
            "integrity": "sha512-VLghIWNM6ELQzo7zwmcg0NmTVyWKYjvIeM83yjp0wRDTmUnrM678fQbcKBo6n2CJEF0szoG//ytg+TKla89ALQ==",
            "license": "MIT"
        },
        "node_modules/isomorphic-fetch": {
            "version": "2.2.1",
            "resolved": "https://registry.npmjs.org/isomorphic-fetch/-/isomorphic-fetch-2.2.1.tgz",
            "integrity": "sha512-9c4TNAKYXM5PRyVcwUZrF3W09nQ+sO7+jydgs4ZGW9dhsLG2VOlISJABombdQqQRXCwuYG3sYV/puGf5rp0qmA==",
            "license": "MIT",
            "dependencies": {
                "node-fetch": "^1.0.1",
                "whatwg-fetch": ">=0.10.0"
            }
        },
        "node_modules/isomorphic-fetch/node_modules/node-fetch": {
            "version": "1.7.3",
            "resolved": "https://registry.npmjs.org/node-fetch/-/node-fetch-1.7.3.tgz",
            "integrity": "sha512-NhZ4CsKx7cYm2vSrBAr2PvFOe6sWDf0UYLRqA6svUYg7+/TSfVAu49jYC4BvQ4Sms9SZgdqGBgroqfDhJdTyKQ==",
            "license": "MIT",
            "dependencies": {
                "encoding": "^0.1.11",
                "is-stream": "^1.0.1"
            }
        },
        "node_modules/js-tokens": {
            "version": "4.0.0",
            "resolved": "https://registry.npmjs.org/js-tokens/-/js-tokens-4.0.0.tgz",
            "integrity": "sha512-RdJUflcE3cUzKiMqQgsCu06FPu9UdIJO0beYbPhHN4k6apgJtifcoCtT9bcxOpYBtpD2kCM6Sbzg4CausW/PKQ==",
            "license": "MIT",
            "peer": true
        },
        "node_modules/lodash": {
            "version": "4.17.21",
            "resolved": "https://registry.npmjs.org/lodash/-/lodash-4.17.21.tgz",
            "integrity": "sha512-v2kDEe57lecTulaDIuNTPy3Ry4gLGJ6Z1O3vE1krgXZNrsQ+LFTGHVxVjcXPs17LhbZVGedAJv8XZ1tvj5FvSg==",
            "license": "MIT"
        },
        "node_modules/lodash-es": {
            "version": "4.17.21",
            "resolved": "https://registry.npmjs.org/lodash-es/-/lodash-es-4.17.21.tgz",
            "integrity": "sha512-mKnC+QJ9pWVzv+C4/U3rRsHapFfHvQFoFB92e52xeyGMcX6/OlIl78je1u8vePzYZSkkogMPJ2yjxxsb89cxyw==",
            "license": "MIT"
        },
        "node_modules/loose-envify": {
            "version": "1.4.0",
            "resolved": "https://registry.npmjs.org/loose-envify/-/loose-envify-1.4.0.tgz",
            "integrity": "sha512-lyuxPGr/Wfhrlem2CL/UcnUc1zcqKAImBDzukY7Y5F/yQiNdko6+fRLevlw1HgMySw7f611UIY408EtxRSoK3Q==",
            "license": "MIT",
            "peer": true,
            "dependencies": {
                "js-tokens": "^3.0.0 || ^4.0.0"
            },
            "bin": {
                "loose-envify": "cli.js"
            }
        },
        "node_modules/node-domexception": {
            "version": "1.0.0",
            "resolved": "https://registry.npmjs.org/node-domexception/-/node-domexception-1.0.0.tgz",
            "integrity": "sha512-/jKZoMpw0F8GRwl4/eLROPA3cfcXtLApP0QzLmUT/HuPCZWyB7IY9ZrMeKw2O/nFIqPQB3PVM9aYm0F312AXDQ==",
            "funding": [
                {
                    "type": "github",
                    "url": "https://github.com/sponsors/jimmywarting"
                },
                {
                    "type": "github",
                    "url": "https://paypal.me/jimmywarting"
                }
            ],
            "license": "MIT",
            "engines": {
                "node": ">=10.5.0"
            }
        },
        "node_modules/node-fetch": {
            "version": "3.3.2",
            "resolved": "https://registry.npmjs.org/node-fetch/-/node-fetch-3.3.2.tgz",
            "integrity": "sha512-dRB78srN/l6gqWulah9SrxeYnxeddIG30+GOqK/9OlLVyLg3HPnr6SqOWTWOXKRwC2eGYCkZ59NNuSgvSrpgOA==",
            "license": "MIT",
            "dependencies": {
                "data-uri-to-buffer": "^4.0.0",
                "fetch-blob": "^3.1.4",
                "formdata-polyfill": "^4.0.10"
            },
            "engines": {
                "node": "^12.20.0 || ^14.13.1 || >=16.0.0"
            },
            "funding": {
                "type": "opencollective",
                "url": "https://opencollective.com/node-fetch"
            }
        },
        "node_modules/nodejs-polars": {
            "version": "0.14.0",
            "resolved": "https://registry.npmjs.org/nodejs-polars/-/nodejs-polars-0.14.0.tgz",
            "integrity": "sha512-2wORrx9Ipi2TinZOGVk4HtOFpeIoZwILZPxd7oqFj2eLhkz7QJYKu9vRjohvUtyi5HG55EybZ9dQDpy5KybRrA==",
            "license": "MIT",
            "workspaces": [
                "benches"
            ],
            "engines": {
                "node": ">= 18"
            },
            "optionalDependencies": {
                "nodejs-polars-android-arm64": "0.14.0",
                "nodejs-polars-darwin-arm64": "0.14.0",
                "nodejs-polars-darwin-x64": "0.14.0",
                "nodejs-polars-linux-arm64-gnu": "0.14.0",
                "nodejs-polars-linux-arm64-musl": "0.14.0",
                "nodejs-polars-linux-x64-gnu": "0.14.0",
                "nodejs-polars-linux-x64-musl": "0.14.0",
                "nodejs-polars-win32-x64-msvc": "0.14.0"
            }
        },
        "node_modules/nodejs-polars-android-arm64": {
            "version": "0.14.0",
            "resolved": "https://registry.npmjs.org/nodejs-polars-android-arm64/-/nodejs-polars-android-arm64-0.14.0.tgz",
            "integrity": "sha512-hDavOX5ZMGha1srkgRA6xXfB5ZBmLbWu4rjH/SIrS7wewtr+j23F8ivOCSXYVV5QIkEyihQN8An7Er3Ap2n5lA==",
            "cpu": [
                "arm64"
            ],
            "license": "SEE LICENSE IN LICENSE",
            "optional": true,
            "os": [
                "android"
            ],
            "engines": {
                "node": ">= 16"
            }
        },
        "node_modules/nodejs-polars-darwin-arm64": {
            "version": "0.14.0",
            "resolved": "https://registry.npmjs.org/nodejs-polars-darwin-arm64/-/nodejs-polars-darwin-arm64-0.14.0.tgz",
            "integrity": "sha512-UGIRIqzLte1fPA+5acoAflo9eT7Rja2xRnbcoz9TqlPIe7iYYWJXc0kBgVnDT9eWy9JuC4UWRh4K3zJAOxDjnA==",
            "cpu": [
                "arm64"
            ],
            "license": "SEE LICENSE IN LICENSE",
            "optional": true,
            "os": [
                "darwin"
            ],
            "engines": {
                "node": ">= 16"
            }
        },
        "node_modules/nodejs-polars-darwin-x64": {
            "version": "0.14.0",
            "resolved": "https://registry.npmjs.org/nodejs-polars-darwin-x64/-/nodejs-polars-darwin-x64-0.14.0.tgz",
            "integrity": "sha512-Ao+ztykpXX+0WJ0pRjlrXleAxXZJhIPpa2g61kiTKWLfZ2kh9sDikDslG+TUOQwV80NqUcVIm+eWxvu+ESD+jw==",
            "cpu": [
                "x64"
            ],
            "license": "SEE LICENSE IN LICENSE",
            "optional": true,
            "os": [
                "darwin"
            ],
            "engines": {
                "node": ">= 16"
            }
        },
        "node_modules/nodejs-polars-linux-arm64-gnu": {
            "version": "0.14.0",
            "resolved": "https://registry.npmjs.org/nodejs-polars-linux-arm64-gnu/-/nodejs-polars-linux-arm64-gnu-0.14.0.tgz",
            "integrity": "sha512-3anqiqPu3nvx4ktIbOj8Wt5MIIRc1NKGKhzE4DQoPlBm2HxRz9o0thOYi6KinpcrCcxswbEtS6aSAb4I0jABYQ==",
            "cpu": [
                "arm64"
            ],
            "license": "SEE LICENSE IN LICENSE",
            "optional": true,
            "os": [
                "linux"
            ],
            "engines": {
                "node": ">= 16"
            }
        },
        "node_modules/nodejs-polars-linux-arm64-musl": {
            "version": "0.14.0",
            "resolved": "https://registry.npmjs.org/nodejs-polars-linux-arm64-musl/-/nodejs-polars-linux-arm64-musl-0.14.0.tgz",
            "integrity": "sha512-vOaWubVSqDW291Wxcw3d1bbH1hgvMSEWw0yEaBNC3x2ataTpOt2UNDUJMceMf08uJOpxeZsd55DhzCJfHDVeUA==",
            "cpu": [
                "arm64"
            ],
            "license": "SEE LICENSE IN LICENSE",
            "optional": true,
            "os": [
                "linux"
            ],
            "engines": {
                "node": ">= 16"
            }
        },
        "node_modules/nodejs-polars-linux-x64-gnu": {
            "version": "0.14.0",
            "resolved": "https://registry.npmjs.org/nodejs-polars-linux-x64-gnu/-/nodejs-polars-linux-x64-gnu-0.14.0.tgz",
            "integrity": "sha512-DNqSjG2BGuXIYH1WhNKN/0NHnQM7aYdcSsll9azgBkZ3n2C4WRdXadrMKvHuU3g8DoNv/7pkJoUVS2CUez2iMg==",
            "cpu": [
                "x64"
            ],
            "license": "SEE LICENSE IN LICENSE",
            "optional": true,
            "os": [
                "linux"
            ],
            "engines": {
                "node": ">= 16"
            }
        },
        "node_modules/nodejs-polars-linux-x64-musl": {
            "version": "0.14.0",
            "resolved": "https://registry.npmjs.org/nodejs-polars-linux-x64-musl/-/nodejs-polars-linux-x64-musl-0.14.0.tgz",
            "integrity": "sha512-CjAAxAdAC+Fbp8VpyrRmRgjviO0gESVXjTASLuST0x4ulG4H9uChQL3Xnev2XdaSu31uIXFdFHDu6jIXx/e2nw==",
            "cpu": [
                "x64"
            ],
            "license": "SEE LICENSE IN LICENSE",
            "optional": true,
            "os": [
                "linux"
            ],
            "engines": {
                "node": ">= 16"
            }
        },
        "node_modules/nodejs-polars-win32-x64-msvc": {
            "version": "0.14.0",
            "resolved": "https://registry.npmjs.org/nodejs-polars-win32-x64-msvc/-/nodejs-polars-win32-x64-msvc-0.14.0.tgz",
            "integrity": "sha512-X2WpHfudcYTAu9/OZS82FpMCSuKtFCoBgDaWEy2hZNfQG0W+AaMh6ro9K8QDbYyZYDEMrjbUdQEuLYNl84ZSXg==",
            "cpu": [
                "x64"
            ],
            "license": "SEE LICENSE IN LICENSE",
            "optional": true,
            "os": [
                "win32"
            ],
            "engines": {
                "node": ">= 16"
            }
        },
        "node_modules/react": {
            "version": "18.3.1",
            "resolved": "https://registry.npmjs.org/react/-/react-18.3.1.tgz",
            "integrity": "sha512-wS+hAgJShR0KhEvPJArfuPVN1+Hz1t0Y6n5jLrGQbkb4urgPE/0Rve+1kMB1v/oWgHgm4WIcV+i7F2pTVj+2iQ==",
            "license": "MIT",
            "peer": true,
            "dependencies": {
                "loose-envify": "^1.1.0"
            },
            "engines": {
                "node": ">=0.10.0"
            }
        },
        "node_modules/react-fast-compare": {
            "version": "2.0.4",
            "resolved": "https://registry.npmjs.org/react-fast-compare/-/react-fast-compare-2.0.4.tgz",
            "integrity": "sha512-suNP+J1VU1MWFKcyt7RtjiSWUjvidmQSlqu+eHslq+342xCbGTYmC0mEhPCOHxlW0CywylOC1u2DFAT+bv4dBw==",
            "license": "MIT"
        },
        "node_modules/react-is": {
            "version": "16.13.1",
            "resolved": "https://registry.npmjs.org/react-is/-/react-is-16.13.1.tgz",
            "integrity": "sha512-24e6ynE2H+OKt4kqsOvNd8kBpV65zoxbA4BVsEOB3ARVWQki/DHzaUoC5KuON/BiccDaCCTZBuOcfZs70kR8bQ==",
            "license": "MIT"
        },
        "node_modules/safer-buffer": {
            "version": "2.1.2",
            "resolved": "https://registry.npmjs.org/safer-buffer/-/safer-buffer-2.1.2.tgz",
            "integrity": "sha512-YZo3K82SD7Riyi0E1EQPojLz7kpepnSQI9IyPbHHg1XXXevb5dJI7tpyN2ADxGcQbHG7vcyRHk0cbwqcQriUtg==",
            "license": "MIT"
        },
        "node_modules/swr": {
            "version": "1.3.0",
            "resolved": "https://registry.npmjs.org/swr/-/swr-1.3.0.tgz",
            "integrity": "sha512-dkghQrOl2ORX9HYrMDtPa7LTVHJjCTeZoB1dqTbnnEDlSvN8JEKpYIYurDfvbQFUUS8Cg8PceFVZNkW0KNNYPw==",
            "license": "MIT",
            "peerDependencies": {
                "react": "^16.11.0 || ^17.0.0 || ^18.0.0"
            }
        },
        "node_modules/tiny-warning": {
            "version": "1.0.3",
            "resolved": "https://registry.npmjs.org/tiny-warning/-/tiny-warning-1.0.3.tgz",
            "integrity": "sha512-lBN9zLN/oAf68o3zNXYrdCt1kP8WsiGW8Oo2ka41b2IM5JL/S1CTyX1rW0mb/zSuJun0ZUrDxx4sqvYS2FWzPA==",
            "license": "MIT"
        },
        "node_modules/tr46": {
            "version": "0.0.3",
            "resolved": "https://registry.npmjs.org/tr46/-/tr46-0.0.3.tgz",
            "integrity": "sha512-N3WMsuqV66lT30CrXNbEjx4GEwlow3v6rr4mCcv6prnfwhS01rkgyFdjPNBYd9br7LpXV1+Emh01fHnq2Gdgrw==",
            "license": "MIT"
        },
        "node_modules/tslib": {
            "version": "2.7.0",
            "resolved": "https://registry.npmjs.org/tslib/-/tslib-2.7.0.tgz",
            "integrity": "sha512-gLXCKdN1/j47AiHiOkJN69hJmcbGTHI0ImLmbYLHykhgeN0jVGola9yVjFgzCUklsZQMW55o+dW7IXv3RCXDzA==",
            "license": "0BSD"
        },
        "node_modules/web-streams-polyfill": {
            "version": "3.3.3",
            "resolved": "https://registry.npmjs.org/web-streams-polyfill/-/web-streams-polyfill-3.3.3.tgz",
            "integrity": "sha512-d2JWLCivmZYTSIoge9MsgFCZrt571BikcWGYkjC1khllbTeDlGqZ2D8vD8E/lJa8WGWbb7Plm8/XJYV7IJHZZw==",
            "license": "MIT",
            "engines": {
                "node": ">= 8"
            }
        },
        "node_modules/webidl-conversions": {
            "version": "3.0.1",
            "resolved": "https://registry.npmjs.org/webidl-conversions/-/webidl-conversions-3.0.1.tgz",
            "integrity": "sha512-2JAn3z8AR6rjK8Sm8orRC0h/bcl/DqL7tRPdGZ4I1CjdF+EaMLmYxBHyXuKL849eucPFhvBoxMsflfOb8kxaeQ==",
            "license": "BSD-2-Clause"
        },
        "node_modules/whatwg-fetch": {
            "version": "3.6.20",
            "resolved": "https://registry.npmjs.org/whatwg-fetch/-/whatwg-fetch-3.6.20.tgz",
            "integrity": "sha512-EqhiFU6daOA8kpjOWTL0olhVOF3i7OrFzSYiGsEMB8GcXS+RrzauAERX65xMeNWVqxA6HXH2m69Z9LaKKdisfg==",
            "license": "MIT"
        },
        "node_modules/whatwg-url": {
            "version": "5.0.0",
            "resolved": "https://registry.npmjs.org/whatwg-url/-/whatwg-url-5.0.0.tgz",
            "integrity": "sha512-saE57nupxk6v3HY35+jzBwYa0rKSy0XR8JSxZPwgLr7ys0IBzhGviA1/TUGJLmSVqs8pb9AnvICXEuOHLprYTw==",
            "license": "MIT",
            "dependencies": {
                "tr46": "~0.0.3",
                "webidl-conversions": "^3.0.0"
            }
        },
        "node_modules/ws": {
            "version": "8.18.0",
            "resolved": "https://registry.npmjs.org/ws/-/ws-8.18.0.tgz",
            "integrity": "sha512-8VbfWfHLbbwu3+N6OKsOMpBdT4kXPDDB9cJk2bJ6mh9ucxdlnNvH1e+roYkKmN9Nxw2yjz7VzeO9oOz2zJ04Pw==",
            "license": "MIT",
            "engines": {
                "node": ">=10.0.0"
            },
            "peerDependencies": {
                "bufferutil": "^4.0.1",
                "utf-8-validate": ">=5.0.2"
            },
            "peerDependenciesMeta": {
                "bufferutil": {
                    "optional": true
                },
                "utf-8-validate": {
                    "optional": true
                }
            }
        }
    }
}
